Microsoft Visual Studio Solution File, Format Version 12.00
# Visual Studio Version 17
VisualStudioVersion = 17.5.2.0
MinimumVisualStudioVersion = 10.0.40219.1
Project("{FAE04EC0-301F-11D3-BF4B-00C04F79EFBC}") = "CyberArkManager", "CyberArkManager.csproj", "{347E46BF-935C-2001-D4F5-A785D150FA36}"
EndProject
Project("{FAE04EC0-301F-11D3-BF4B-00C04F79EFBC}") = "CyberArkManager.Tests", "CyberArkManager.Tests\CyberArkManager.Tests.csproj", "{2A74DC6E-AC8E-6BA4-C89C-43BA5182E9F3}"
EndProject
Global
	GlobalSection(SolutionConfigurationPlatforms) = preSolution
		Debug|Any CPU = Debug|Any CPU
		Release|Any CPU = Release|Any CPU
	EndGlobalSection
	GlobalSection(ProjectConfigurationPlatforms) = postSolution
		{347E46BF-935C-2001-D4F5-A785D150FA36}.Debug|Any CPU.ActiveCfg = Debug|Any CPU
		{347E46BF-935C-2001-D4F5-A785D150FA36}.Debug|Any CPU.Build.0 = Debug|Any CPU
		{347E46BF-935C-2001-D4F5-A785D150FA36}.Release|Any CPU.ActiveCfg = Release|Any CPU
		{347E46BF-935C-2001-D4F5-A785D150FA36}.Release|Any CPU.Build.0 = Release|Any CPU
		{2A74DC6E-AC8E-6BA4-C89C-43BA5182E9F3}.Debug|Any CPU.ActiveCfg = Debug|Any CPU
		{2A74DC6E-AC8E-6BA4-C89C-43BA5182E9F3}.Debug|Any CPU.Build.0 = Debug|Any CPU
		{2A74DC6E-AC8E-6BA4-C89C-43BA5182E9F3}.Release|Any CPU.ActiveCfg = Release|Any CPU
		{2A74DC6E-AC8E-6BA4-C89C-43BA5182E9F3}.Release|Any CPU.Build.0 = Release|Any CPU
	EndGlobalSection
	GlobalSection(SolutionProperties) = preSolution
		HideSolutionNode = FALSE
	EndGlobalSection
	GlobalSection(ExtensibilityGlobals) = postSolution
		SolutionGuid = {0E5F87F8-1012-45BC-86CC-75C522E588F6}
	EndGlobalSection
EndGlobal
